# This file is automatically @generated by Cargo.
# It is not intended for manual editing.
version = 4

[[package]]
name = "pop-architecture-tests"
version = "0.1.0"

[[package]]
name = "pop-backend-api"
version = "0.1.0"
dependencies = [
 "pop-foundation",
 "pop-mir",
 "pop-target",
]

[[package]]
name = "pop-backend-llvm"
version = "0.1.0"
dependencies = [
 "pop-backend-api",
 "pop-mir",
 "pop-runtime-interface",
 "pop-target",
]

[[package]]
name = "pop-backend-mir-interp"
version = "0.1.0"
dependencies = [
 "pop-backend-api",
 "pop-compile-time",
 "pop-driver",
 "pop-foundation",
 "pop-mir",
 "pop-query",
 "pop-runtime-interface",
 "pop-runtime-native",
 "pop-source",
 "pop-target",
 "pop-types",
]

[[package]]
name = "pop-backend-vm"
version = "0.1.0"
dependencies = [
 "pop-backend-api",
 "pop-mir",
 "pop-runtime-interface",
 "pop-target",
]

[[package]]
name = "pop-compile-time"
version = "0.1.0"
dependencies = [
 "pop-foundation",
 "pop-query",
 "pop-resolve",
 "pop-source",
 "pop-syntax",
 "pop-types",
]

[[package]]
name = "pop-diagnostics"
version = "0.1.0"
dependencies = [
 "pop-foundation",
]

[[package]]
name = "pop-documentation"
version = "0.1.0"
dependencies = [
 "pop-diagnostics",
 "pop-foundation",
 "pop-resolve",
 "pop-source",
 "pop-syntax",
 "pop-types",
]

[[package]]
name = "pop-documentation-generator"
version = "0.1.0"
dependencies = [
 "pop-documentation",
]

[[package]]
name = "pop-driver"
version = "0.1.0"
dependencies = [
 "pop-compile-time",
 "pop-diagnostics",
 "pop-foundation",
 "pop-hir",
 "pop-mir",
 "pop-projects",
 "pop-query",
 "pop-resolve",
 "pop-source",
 "pop-syntax",
 "pop-types",
]

[[package]]
name = "pop-formatter"
version = "0.1.0"
dependencies = [
 "pop-source",
 "pop-syntax",
]

[[package]]
name = "pop-foundation"
version = "0.1.0"

[[package]]
name = "pop-hir"
version = "0.1.0"
dependencies = [
 "pop-foundation",
 "pop-resolve",
 "pop-source",
 "pop-syntax",
 "pop-types",
]

[[package]]
name = "pop-language-server"
version = "0.1.0"
dependencies = [
 "pop-diagnostics",
 "pop-projects",
 "pop-query",
 "pop-source",
 "pop-syntax",
]

[[package]]
name = "pop-mir"
version = "0.1.0"
dependencies = [
 "pop-driver",
 "pop-foundation",
 "pop-hir",
 "pop-runtime-interface",
 "pop-source",
 "pop-types",
]

[[package]]
name = "pop-projects"
version = "0.1.0"
dependencies = [
 "pop-foundation",
]

[[package]]
name = "pop-query"
version = "0.1.0"
dependencies = [
 "pop-foundation",
]

[[package]]
name = "pop-resolve"
version = "0.1.0"
dependencies = [
 "pop-diagnostics",
 "pop-foundation",
 "pop-projects",
 "pop-source",
 "pop-syntax",
]

[[package]]
name = "pop-runtime-interface"
version = "0.1.0"

[[package]]
name = "pop-runtime-native"
version = "0.1.0"
dependencies = [
 "pop-runtime-interface",
]

[[package]]
name = "pop-source"
version = "0.1.0"
dependencies = [
 "pop-foundation",
]

[[package]]
name = "pop-syntax"
version = "0.1.0"
dependencies = [
 "pop-diagnostics",
 "pop-foundation",
 "pop-source",
]

[[package]]
name = "pop-target"
version = "0.1.0"
dependencies = [
 "pop-foundation",
]

[[package]]
name = "pop-test-runner"
version = "0.1.0"
dependencies = [
 "pop-driver",
]

[[package]]
name = "pop-types"
version = "0.1.0"
dependencies = [
 "pop-diagnostics",
 "pop-foundation",
 "pop-resolve",
 "pop-source",
 "pop-syntax",
]
