{"schemaVersion":1,"resolver":"1","platformTarget":"x86_64-unknown-linux-gnu","packages":[{"name":"Example.SqliteFfi","version":"0.1.0","source":{"kind":"localPath","identity":"."},"contentSha256":"4db6673954fde9e7d21b22da43f613986e54e8a8a18f561505faa974d2ccd491","features":[]},{"name":"Pop.Ffi","version":"0.1.0","source":{"kind":"localPath","identity":"../../crates/extensions/ffi"},"contentSha256":"145c815072b54b9d13036a0cdaa7a99ef2e0bf1d4a3460e08301ca991f8247f1","features":[]}],"bubbles":[{"package":"Example.SqliteFfi","name":"Example.SqliteFfi","kind":"library","dependencies":[{"package":"Pop.Ffi","bubble":"Pop.Ffi","kind":"library"}]},{"package":"Example.SqliteFfi","name":"Example.SqliteFfi","kind":"binary","dependencies":[{"package":"Example.SqliteFfi","bubble":"Example.SqliteFfi","kind":"library"},{"package":"Pop.Ffi","bubble":"Pop.Ffi","kind":"library"}]},{"package":"Pop.Ffi","name":"Pop.Ffi","kind":"library","dependencies":[]}]}
