{"schemaVersion":1,"resolver":"1","platformTarget":"x86_64-unknown-linux-gnu","packages":[{"name":"Example.HttpServer","version":"0.1.0","source":{"kind":"localPath","identity":"."},"contentSha256":"62674dad48ba0afa80cb99f943b48d486f64f95262bbedda60d4613b2bb2bfdf","features":[]},{"name":"Pop.Http","version":"0.1.0","source":{"kind":"localPath","identity":"../../crates/extensions/http"},"contentSha256":"9a2cc07304fbcfdfb1305fb0fb41e2ee8ce39a9a3f4b08f7427f0141223e46f0","features":[]}],"bubbles":[{"package":"Example.HttpServer","name":"Example.HttpServer","kind":"binary","dependencies":[{"package":"Pop.Http","bubble":"Pop.Http","kind":"library"}]},{"package":"Pop.Http","name":"Pop.Http","kind":"library","dependencies":[]}]}
