{"schemaVersion":1,"resolver":"1","platformTarget":"x86_64-unknown-linux-gnu","packages":[{"name":"Example.HttpServer","version":"0.1.0","source":{"kind":"localPath","identity":"."},"contentSha256":"af1ceeeaf31be1499d95cef28a802a25ba6ff006edc40868506b7d6ad279fdeb","features":[]},{"name":"Pop.Ffi","version":"0.1.0","source":{"kind":"localPath","identity":"../../crates/extensions/ffi"},"contentSha256":"145c815072b54b9d13036a0cdaa7a99ef2e0bf1d4a3460e08301ca991f8247f1","features":[]},{"name":"Pop.Http","version":"0.1.0","source":{"kind":"localPath","identity":"../../crates/extensions/http"},"contentSha256":"9a2cc07304fbcfdfb1305fb0fb41e2ee8ce39a9a3f4b08f7427f0141223e46f0","features":[]}],"bubbles":[{"package":"Example.HttpServer","name":"Example.HttpServer","kind":"binary","dependencies":[{"package":"Pop.Ffi","bubble":"Pop.Ffi","kind":"library"},{"package":"Pop.Http","bubble":"Pop.Http","kind":"library"}]},{"package":"Pop.Ffi","name":"Pop.Ffi","kind":"library","dependencies":[]},{"package":"Pop.Http","name":"Pop.Http","kind":"library","dependencies":[]}]}
